
Microsoft Visual Studio Solution File, Format Version 12.00
# Visual Studio Version 17
VisualStudioVersion = 17.0.31903.59
MinimumVisualStudioVersion = 10.0.40219.1
Project("{2150E333-8FDC-42A3-9474-1A3956D46DE8}") = "src", "src", "{2D121ED4-955A-4973-81E5-2C4F8A6897FB}"
EndProject
Project("{2150E333-8FDC-42A3-9474-1A3956D46DE8}") = "test", "test", "{9ABAC53A-E605-42A0-92C9-E17201CC242F}"
EndProject
Project("{9A19103F-16F7-4668-BE54-9A1E7A4F7556}") = "DotUtils.MsBuild.BinlogRedactor.Tests", "test\DotUtils.MsBuild.BinlogRedactor.Tests\DotUtils.MsBuild.BinlogRedactor.Tests.csproj", "{CC518E1D-3971-4678-BEA0-E077B01C517F}"
EndProject
Project("{9A19103F-16F7-4668-BE54-9A1E7A4F7556}") = "DotUtils.MsBuild.SensitiveDataDetector", "src\DotUtils.MsBuild.SensitiveDataDetector\DotUtils.MsBuild.SensitiveDataDetector.csproj", "{195719BC-D953-4DBB-8C0C-0A380EDA9B32}"
EndProject
Project("{9A19103F-16F7-4668-BE54-9A1E7A4F7556}") = "DotUtils.MsBuild.BinlogRedactor", "src\DotUtils.MsBuild.BinlogRedactor\DotUtils.MsBuild.BinlogRedactor.csproj", "{C67DF07E-CBE0-4320-9816-7309B6341E5C}"
EndProject
Project("{9A19103F-16F7-4668-BE54-9A1E7A4F7556}") = "DotUtils.MsBuild.BinlogRedactor.CLI", "src\DotUtils.MsBuild.BinlogRedactor.CLI\DotUtils.MsBuild.BinlogRedactor.CLI.csproj", "{108BE32B-B35C-4C79-AF1D-DADA7FC9AAAD}"
EndProject
Global
	GlobalSection(SolutionConfigurationPlatforms) = preSolution
		Debug|Any CPU = Debug|Any CPU
		Release|Any CPU = Release|Any CPU
	EndGlobalSection
	GlobalSection(ProjectConfigurationPlatforms) = postSolution
		{CC518E1D-3971-4678-BEA0-E077B01C517F}.Debug|Any CPU.ActiveCfg = Debug|Any CPU
		{CC518E1D-3971-4678-BEA0-E077B01C517F}.Debug|Any CPU.Build.0 = Debug|Any CPU
		{CC518E1D-3971-4678-BEA0-E077B01C517F}.Release|Any CPU.ActiveCfg = Release|Any CPU
		{CC518E1D-3971-4678-BEA0-E077B01C517F}.Release|Any CPU.Build.0 = Release|Any CPU
		{195719BC-D953-4DBB-8C0C-0A380EDA9B32}.Debug|Any CPU.ActiveCfg = Debug|Any CPU
		{195719BC-D953-4DBB-8C0C-0A380EDA9B32}.Debug|Any CPU.Build.0 = Debug|Any CPU
		{195719BC-D953-4DBB-8C0C-0A380EDA9B32}.Release|Any CPU.ActiveCfg = Release|Any CPU
		{195719BC-D953-4DBB-8C0C-0A380EDA9B32}.Release|Any CPU.Build.0 = Release|Any CPU
		{C67DF07E-CBE0-4320-9816-7309B6341E5C}.Debug|Any CPU.ActiveCfg = Debug|Any CPU
		{C67DF07E-CBE0-4320-9816-7309B6341E5C}.Debug|Any CPU.Build.0 = Debug|Any CPU
		{C67DF07E-CBE0-4320-9816-7309B6341E5C}.Release|Any CPU.ActiveCfg = Release|Any CPU
		{C67DF07E-CBE0-4320-9816-7309B6341E5C}.Release|Any CPU.Build.0 = Release|Any CPU
		{108BE32B-B35C-4C79-AF1D-DADA7FC9AAAD}.Debug|Any CPU.ActiveCfg = Debug|Any CPU
		{108BE32B-B35C-4C79-AF1D-DADA7FC9AAAD}.Debug|Any CPU.Build.0 = Debug|Any CPU
		{108BE32B-B35C-4C79-AF1D-DADA7FC9AAAD}.Release|Any CPU.ActiveCfg = Release|Any CPU
		{108BE32B-B35C-4C79-AF1D-DADA7FC9AAAD}.Release|Any CPU.Build.0 = Release|Any CPU
	EndGlobalSection
	GlobalSection(SolutionProperties) = preSolution
		HideSolutionNode = FALSE
	EndGlobalSection
	GlobalSection(NestedProjects) = preSolution
		{CC518E1D-3971-4678-BEA0-E077B01C517F} = {9ABAC53A-E605-42A0-92C9-E17201CC242F}
		{195719BC-D953-4DBB-8C0C-0A380EDA9B32} = {2D121ED4-955A-4973-81E5-2C4F8A6897FB}
		{C67DF07E-CBE0-4320-9816-7309B6341E5C} = {2D121ED4-955A-4973-81E5-2C4F8A6897FB}
		{108BE32B-B35C-4C79-AF1D-DADA7FC9AAAD} = {2D121ED4-955A-4973-81E5-2C4F8A6897FB}
	EndGlobalSection
	GlobalSection(ExtensibilityGlobals) = postSolution
		SolutionGuid = {C09E239D-C6E7-45EF-B66B-09DCB846F4DC}
	EndGlobalSection
EndGlobal
